
Microsoft Visual Studio Solution File, Format Version 12.00
# Visual Studio Version 17
VisualStudioVersion = 17.4.33205.214
MinimumVisualStudioVersion = 10.0.40219.1
Project("{FAE04EC0-301F-11D3-BF4B-00C04F79EFBC}") = "GameGuardian Script Maker", "GameGuardian Script Maker\GameGuardian Script Maker.csproj", "{32D6305C-7AD5-4C0F-9078-042DEC35E30F}"
EndProject
Global
	GlobalSection(SolutionConfigurationPlatforms) = preSolution
		Debug|Any CPU = Debug|Any CPU
		Release|Any CPU = Release|Any CPU
	EndGlobalSection
	GlobalSection(ProjectConfigurationPlatforms) = postSolution
		{32D6305C-7AD5-4C0F-9078-042DEC35E30F}.Debug|Any CPU.ActiveCfg = Debug|Any CPU
		{32D6305C-7AD5-4C0F-9078-042DEC35E30F}.Debug|Any CPU.Build.0 = Debug|Any CPU
		{32D6305C-7AD5-4C0F-9078-042DEC35E30F}.Release|Any CPU.ActiveCfg = Release|Any CPU
		{32D6305C-7AD5-4C0F-9078-042DEC35E30F}.Release|Any CPU.Build.0 = Release|Any CPU
	EndGlobalSection
	GlobalSection(SolutionProperties) = preSolution
		HideSolutionNode = FALSE
	EndGlobalSection
	GlobalSection(ExtensibilityGlobals) = postSolution
		SolutionGuid = {6FB5820F-107E-4891-8838-5E8211266D19}
	EndGlobalSection
EndGlobal
